
Microsoft Visual Studio Solution File, Format Version 12.00
# Visual Studio 15
Project("{FAE04EC0-301F-11D3-BF4B-00C04F79EFBC}") = "Notes.Android", "Notes.Android\Notes.Android.csproj", "{9BBD5A34-71D3-4522-A55D-D43E3F02DC1C}"
EndProject
Project("{FAE04EC0-301F-11D3-BF4B-00C04F79EFBC}") = "Notes.iOS", "Notes.iOS\Notes.iOS.csproj", "{6B1129A7-5BA6-4237-B209-FD8EB8065B12}"
EndProject
Project("{FAE04EC0-301F-11D3-BF4B-00C04F79EFBC}") = "Notes.UITests", "Notes.UITests\Notes.UITests.csproj", "{54661B8F-BE12-44F5-9CDB-DB35E1E46852}"
EndProject
Project("{FAE04EC0-301F-11D3-BF4B-00C04F79EFBC}") = "Notes", "Notes\Notes.csproj", "{48B59954-18CF-4C33-9DB2-4825B073B4ED}"
EndProject
Global
	GlobalSection(SolutionConfigurationPlatforms) = preSolution
		Debug|Any CPU = Debug|Any CPU
		Release|Any CPU = Release|Any CPU
		Debug|iPhoneSimulator = Debug|iPhoneSimulator
		Release|iPhoneSimulator = Release|iPhoneSimulator
		Debug|iPhone = Debug|iPhone
		Release|iPhone = Release|iPhone
	EndGlobalSection
	GlobalSection(ProjectConfigurationPlatforms) = postSolution
		{9BBD5A34-71D3-4522-A55D-D43E3F02DC1C}.Debug|Any CPU.ActiveCfg = Debug|Any CPU
		{9BBD5A34-71D3-4522-A55D-D43E3F02DC1C}.Debug|Any CPU.Build.0 = Debug|Any CPU
		{9BBD5A34-71D3-4522-A55D-D43E3F02DC1C}.Release|Any CPU.ActiveCfg = Release|Any CPU
		{9BBD5A34-71D3-4522-A55D-D43E3F02DC1C}.Release|Any CPU.Build.0 = Release|Any CPU
		{9BBD5A34-71D3-4522-A55D-D43E3F02DC1C}.Debug|iPhoneSimulator.ActiveCfg = Debug|Any CPU
		{9BBD5A34-71D3-4522-A55D-D43E3F02DC1C}.Debug|iPhoneSimulator.Build.0 = Debug|Any CPU
		{9BBD5A34-71D3-4522-A55D-D43E3F02DC1C}.Release|iPhoneSimulator.ActiveCfg = Release|Any CPU
		{9BBD5A34-71D3-4522-A55D-D43E3F02DC1C}.Release|iPhoneSimulator.Build.0 = Release|Any CPU
		{9BBD5A34-71D3-4522-A55D-D43E3F02DC1C}.Debug|iPhone.ActiveCfg = Debug|Any CPU
		{9BBD5A34-71D3-4522-A55D-D43E3F02DC1C}.Debug|iPhone.Build.0 = Debug|Any CPU
		{9BBD5A34-71D3-4522-A55D-D43E3F02DC1C}.Release|iPhone.ActiveCfg = Release|Any CPU
		{9BBD5A34-71D3-4522-A55D-D43E3F02DC1C}.Release|iPhone.Build.0 = Release|Any CPU
		{6B1129A7-5BA6-4237-B209-FD8EB8065B12}.Debug|Any CPU.ActiveCfg = Debug|iPhoneSimulator
		{6B1129A7-5BA6-4237-B209-FD8EB8065B12}.Debug|Any CPU.Build.0 = Debug|iPhoneSimulator
		{6B1129A7-5BA6-4237-B209-FD8EB8065B12}.Release|Any CPU.ActiveCfg = Release|iPhoneSimulator
		{6B1129A7-5BA6-4237-B209-FD8EB8065B12}.Release|Any CPU.Build.0 = Release|iPhoneSimulator
		{6B1129A7-5BA6-4237-B209-FD8EB8065B12}.Debug|iPhoneSimulator.ActiveCfg = Debug|iPhoneSimulator
		{6B1129A7-5BA6-4237-B209-FD8EB8065B12}.Debug|iPhoneSimulator.Build.0 = Debug|iPhoneSimulator
		{6B1129A7-5BA6-4237-B209-FD8EB8065B12}.Release|iPhoneSimulator.ActiveCfg = Release|iPhoneSimulator
		{6B1129A7-5BA6-4237-B209-FD8EB8065B12}.Release|iPhoneSimulator.Build.0 = Release|iPhoneSimulator
		{6B1129A7-5BA6-4237-B209-FD8EB8065B12}.Debug|iPhone.ActiveCfg = Debug|iPhone
		{6B1129A7-5BA6-4237-B209-FD8EB8065B12}.Debug|iPhone.Build.0 = Debug|iPhone
		{6B1129A7-5BA6-4237-B209-FD8EB8065B12}.Release|iPhone.ActiveCfg = Release|iPhone
		{6B1129A7-5BA6-4237-B209-FD8EB8065B12}.Release|iPhone.Build.0 = Release|iPhone
		{54661B8F-BE12-44F5-9CDB-DB35E1E46852}.Debug|Any CPU.ActiveCfg = Debug|Any CPU
		{54661B8F-BE12-44F5-9CDB-DB35E1E46852}.Debug|Any CPU.Build.0 = Debug|Any CPU
		{54661B8F-BE12-44F5-9CDB-DB35E1E46852}.Release|Any CPU.ActiveCfg = Release|Any CPU
		{54661B8F-BE12-44F5-9CDB-DB35E1E46852}.Release|Any CPU.Build.0 = Release|Any CPU
		{54661B8F-BE12-44F5-9CDB-DB35E1E46852}.Debug|iPhoneSimulator.ActiveCfg = Debug|Any CPU
		{54661B8F-BE12-44F5-9CDB-DB35E1E46852}.Debug|iPhoneSimulator.Build.0 = Debug|Any CPU
		{54661B8F-BE12-44F5-9CDB-DB35E1E46852}.Release|iPhoneSimulator.ActiveCfg = Release|Any CPU
		{54661B8F-BE12-44F5-9CDB-DB35E1E46852}.Release|iPhoneSimulator.Build.0 = Release|Any CPU
		{54661B8F-BE12-44F5-9CDB-DB35E1E46852}.Debug|iPhone.ActiveCfg = Debug|Any CPU
		{54661B8F-BE12-44F5-9CDB-DB35E1E46852}.Debug|iPhone.Build.0 = Debug|Any CPU
		{54661B8F-BE12-44F5-9CDB-DB35E1E46852}.Release|iPhone.ActiveCfg = Release|Any CPU
		{54661B8F-BE12-44F5-9CDB-DB35E1E46852}.Release|iPhone.Build.0 = Release|Any CPU
		{48B59954-18CF-4C33-9DB2-4825B073B4ED}.Debug|Any CPU.ActiveCfg = Debug|Any CPU
		{48B59954-18CF-4C33-9DB2-4825B073B4ED}.Debug|Any CPU.Build.0 = Debug|Any CPU
		{48B59954-18CF-4C33-9DB2-4825B073B4ED}.Release|Any CPU.ActiveCfg = Release|Any CPU
		{48B59954-18CF-4C33-9DB2-4825B073B4ED}.Release|Any CPU.Build.0 = Release|Any CPU
		{48B59954-18CF-4C33-9DB2-4825B073B4ED}.Debug|iPhoneSimulator.ActiveCfg = Debug|Any CPU
		{48B59954-18CF-4C33-9DB2-4825B073B4ED}.Debug|iPhoneSimulator.Build.0 = Debug|Any CPU
		{48B59954-18CF-4C33-9DB2-4825B073B4ED}.Release|iPhoneSimulator.ActiveCfg = Release|Any CPU
		{48B59954-18CF-4C33-9DB2-4825B073B4ED}.Release|iPhoneSimulator.Build.0 = Release|Any CPU
		{48B59954-18CF-4C33-9DB2-4825B073B4ED}.Debug|iPhone.ActiveCfg = Debug|Any CPU
		{48B59954-18CF-4C33-9DB2-4825B073B4ED}.Debug|iPhone.Build.0 = Debug|Any CPU
		{48B59954-18CF-4C33-9DB2-4825B073B4ED}.Release|iPhone.ActiveCfg = Release|Any CPU
		{48B59954-18CF-4C33-9DB2-4825B073B4ED}.Release|iPhone.Build.0 = Release|Any CPU
	EndGlobalSection
EndGlobal
